
Microsoft Visual Studio Solution File, Format Version 12.00
# Visual Studio Version 17
VisualStudioVersion = 17.9.34723.18
MinimumVisualStudioVersion = 10.0.40219.1
Project("{2150E333-8FDC-42A3-9474-1A3956D46DE8}") = "src", "src", "{249761D7-3C2C-42FC-BB81-71EEAAF7B328}"
EndProject
Project("{9A19103F-16F7-4668-BE54-9A1E7A4F7556}") = "Manager.API", "src\Manager.API\Manager.API.csproj", "{2AE666D6-D365-466C-BE59-ADDB44B87CDC}"
EndProject
Project("{9A19103F-16F7-4668-BE54-9A1E7A4F7556}") = "Manager.Core", "src\Manager.Core\Manager.Core.csproj", "{1D1DD676-317F-4AA5-95F9-2B083DF5B712}"
EndProject
Project("{9A19103F-16F7-4668-BE54-9A1E7A4F7556}") = "Manager.Domain", "src\Manager.Domain\Manager.Domain.csproj", "{ABCAE1CB-9F19-4BC6-8CE9-84616D4B5F59}"
EndProject
Project("{9A19103F-16F7-4668-BE54-9A1E7A4F7556}") = "Manager.Infrastructure", "src\Manager.Infrastructure\Manager.Infrastructure.csproj", "{C1D4538E-5069-456F-B8DE-A2895C5A60CB}"
EndProject
Project("{9A19103F-16F7-4668-BE54-9A1E7A4F7556}") = "Manager.Services", "src\Manager.Services\Manager.Services.csproj", "{597BEDCF-C60A-4007-B646-14CC43BC0A28}"
EndProject
Global
	GlobalSection(SolutionConfigurationPlatforms) = preSolution
		Debug|Any CPU = Debug|Any CPU
		Release|Any CPU = Release|Any CPU
	EndGlobalSection
	GlobalSection(ProjectConfigurationPlatforms) = postSolution
		{2AE666D6-D365-466C-BE59-ADDB44B87CDC}.Debug|Any CPU.ActiveCfg = Debug|Any CPU
		{2AE666D6-D365-466C-BE59-ADDB44B87CDC}.Debug|Any CPU.Build.0 = Debug|Any CPU
		{2AE666D6-D365-466C-BE59-ADDB44B87CDC}.Release|Any CPU.ActiveCfg = Release|Any CPU
		{2AE666D6-D365-466C-BE59-ADDB44B87CDC}.Release|Any CPU.Build.0 = Release|Any CPU
		{1D1DD676-317F-4AA5-95F9-2B083DF5B712}.Debug|Any CPU.ActiveCfg = Debug|Any CPU
		{1D1DD676-317F-4AA5-95F9-2B083DF5B712}.Debug|Any CPU.Build.0 = Debug|Any CPU
		{1D1DD676-317F-4AA5-95F9-2B083DF5B712}.Release|Any CPU.ActiveCfg = Release|Any CPU
		{1D1DD676-317F-4AA5-95F9-2B083DF5B712}.Release|Any CPU.Build.0 = Release|Any CPU
		{ABCAE1CB-9F19-4BC6-8CE9-84616D4B5F59}.Debug|Any CPU.ActiveCfg = Debug|Any CPU
		{ABCAE1CB-9F19-4BC6-8CE9-84616D4B5F59}.Debug|Any CPU.Build.0 = Debug|Any CPU
		{ABCAE1CB-9F19-4BC6-8CE9-84616D4B5F59}.Release|Any CPU.ActiveCfg = Release|Any CPU
		{ABCAE1CB-9F19-4BC6-8CE9-84616D4B5F59}.Release|Any CPU.Build.0 = Release|Any CPU
		{C1D4538E-5069-456F-B8DE-A2895C5A60CB}.Debug|Any CPU.ActiveCfg = Debug|Any CPU
		{C1D4538E-5069-456F-B8DE-A2895C5A60CB}.Debug|Any CPU.Build.0 = Debug|Any CPU
		{C1D4538E-5069-456F-B8DE-A2895C5A60CB}.Release|Any CPU.ActiveCfg = Release|Any CPU
		{C1D4538E-5069-456F-B8DE-A2895C5A60CB}.Release|Any CPU.Build.0 = Release|Any CPU
		{597BEDCF-C60A-4007-B646-14CC43BC0A28}.Debug|Any CPU.ActiveCfg = Debug|Any CPU
		{597BEDCF-C60A-4007-B646-14CC43BC0A28}.Debug|Any CPU.Build.0 = Debug|Any CPU
		{597BEDCF-C60A-4007-B646-14CC43BC0A28}.Release|Any CPU.ActiveCfg = Release|Any CPU
		{597BEDCF-C60A-4007-B646-14CC43BC0A28}.Release|Any CPU.Build.0 = Release|Any CPU
	EndGlobalSection
	GlobalSection(SolutionProperties) = preSolution
		HideSolutionNode = FALSE
	EndGlobalSection
	GlobalSection(NestedProjects) = preSolution
		{2AE666D6-D365-466C-BE59-ADDB44B87CDC} = {249761D7-3C2C-42FC-BB81-71EEAAF7B328}
		{1D1DD676-317F-4AA5-95F9-2B083DF5B712} = {249761D7-3C2C-42FC-BB81-71EEAAF7B328}
		{ABCAE1CB-9F19-4BC6-8CE9-84616D4B5F59} = {249761D7-3C2C-42FC-BB81-71EEAAF7B328}
		{C1D4538E-5069-456F-B8DE-A2895C5A60CB} = {249761D7-3C2C-42FC-BB81-71EEAAF7B328}
		{597BEDCF-C60A-4007-B646-14CC43BC0A28} = {249761D7-3C2C-42FC-BB81-71EEAAF7B328}
	EndGlobalSection
	GlobalSection(ExtensibilityGlobals) = postSolution
		SolutionGuid = {F68C14D6-CCAC-4FCA-BC38-6FBAF97BDDB0}
	EndGlobalSection
EndGlobal
